
Microsoft Visual Studio Solution File, Format Version 12.00
# Visual Studio 15
VisualStudioVersion = 15.0.35213.121
MinimumVisualStudioVersion = 10.0.40219.1
Project("{FAE04EC0-301F-11D3-BF4B-00C04F79EFBC}") = "NTP6_2", "NTP6_2\NTP6_2.csproj", "{414CACB2-3257-44E0-A02A-06D6595B071E}"
EndProject
Global
	GlobalSection(SolutionConfigurationPlatforms) = preSolution
		Debug|Any CPU = Debug|Any CPU
		Release|Any CPU = Release|Any CPU
	EndGlobalSection
	GlobalSection(ProjectConfigurationPlatforms) = postSolution
		{414CACB2-3257-44E0-A02A-06D6595B071E}.Debug|Any CPU.ActiveCfg = Debug|Any CPU
		{414CACB2-3257-44E0-A02A-06D6595B071E}.Debug|Any CPU.Build.0 = Debug|Any CPU
		{414CACB2-3257-44E0-A02A-06D6595B071E}.Release|Any CPU.ActiveCfg = Release|Any CPU
		{414CACB2-3257-44E0-A02A-06D6595B071E}.Release|Any CPU.Build.0 = Release|Any CPU
	EndGlobalSection
	GlobalSection(SolutionProperties) = preSolution
		HideSolutionNode = FALSE
	EndGlobalSection
	GlobalSection(ExtensibilityGlobals) = postSolution
		SolutionGuid = {503DD661-1AEB-4CDF-ACAA-1F9C019BB18B}
	EndGlobalSection
EndGlobal
