
Microsoft Visual Studio Solution File, Format Version 12.00
# Visual Studio 15
VisualStudioVersion = 15.0.35213.121
MinimumVisualStudioVersion = 10.0.40219.1
Project("{FAE04EC0-301F-11D3-BF4B-00C04F79EFBC}") = "NTP8_2", "NTP8_2\NTP8_2.csproj", "{2CF2846D-D417-4A40-BC4E-532C12A84F1D}"
EndProject
Global
	GlobalSection(SolutionConfigurationPlatforms) = preSolution
		Debug|Any CPU = Debug|Any CPU
		Release|Any CPU = Release|Any CPU
	EndGlobalSection
	GlobalSection(ProjectConfigurationPlatforms) = postSolution
		{2CF2846D-D417-4A40-BC4E-532C12A84F1D}.Debug|Any CPU.ActiveCfg = Debug|Any CPU
		{2CF2846D-D417-4A40-BC4E-532C12A84F1D}.Debug|Any CPU.Build.0 = Debug|Any CPU
		{2CF2846D-D417-4A40-BC4E-532C12A84F1D}.Release|Any CPU.ActiveCfg = Release|Any CPU
		{2CF2846D-D417-4A40-BC4E-532C12A84F1D}.Release|Any CPU.Build.0 = Release|Any CPU
	EndGlobalSection
	GlobalSection(SolutionProperties) = preSolution
		HideSolutionNode = FALSE
	EndGlobalSection
	GlobalSection(ExtensibilityGlobals) = postSolution
		SolutionGuid = {B6E0A619-0D56-4559-9B73-D420D4D22D8F}
	EndGlobalSection
EndGlobal
