
Microsoft Visual Studio Solution File, Format Version 12.00
# Visual Studio 15
VisualStudioVersion = 15.0.35213.121
MinimumVisualStudioVersion = 10.0.40219.1
Project("{FAE04EC0-301F-11D3-BF4B-00C04F79EFBC}") = "NTP7_2", "NTP7_2\NTP7_2.csproj", "{5BD89753-47BC-4CC4-BE42-E5DA50E9A5D2}"
EndProject
Global
	GlobalSection(SolutionConfigurationPlatforms) = preSolution
		Debug|Any CPU = Debug|Any CPU
		Release|Any CPU = Release|Any CPU
	EndGlobalSection
	GlobalSection(ProjectConfigurationPlatforms) = postSolution
		{5BD89753-47BC-4CC4-BE42-E5DA50E9A5D2}.Debug|Any CPU.ActiveCfg = Debug|Any CPU
		{5BD89753-47BC-4CC4-BE42-E5DA50E9A5D2}.Debug|Any CPU.Build.0 = Debug|Any CPU
		{5BD89753-47BC-4CC4-BE42-E5DA50E9A5D2}.Release|Any CPU.ActiveCfg = Release|Any CPU
		{5BD89753-47BC-4CC4-BE42-E5DA50E9A5D2}.Release|Any CPU.Build.0 = Release|Any CPU
	EndGlobalSection
	GlobalSection(SolutionProperties) = preSolution
		HideSolutionNode = FALSE
	EndGlobalSection
	GlobalSection(ExtensibilityGlobals) = postSolution
		SolutionGuid = {E2172ED0-573C-4610-8B68-CF44A5966D6C}
	EndGlobalSection
EndGlobal
