
Microsoft Visual Studio Solution File, Format Version 12.00
# Visual Studio 15
VisualStudioVersion = 15.0.35213.121
MinimumVisualStudioVersion = 10.0.40219.1
Project("{FAE04EC0-301F-11D3-BF4B-00C04F79EFBC}") = "Flappy Bird", "Flappy Bird\Flappy Bird.csproj", "{80C106C3-610B-41EB-97FF-75BD79193801}"
EndProject
Global
	GlobalSection(SolutionConfigurationPlatforms) = preSolution
		Debug|Any CPU = Debug|Any CPU
		Release|Any CPU = Release|Any CPU
	EndGlobalSection
	GlobalSection(ProjectConfigurationPlatforms) = postSolution
		{80C106C3-610B-41EB-97FF-75BD79193801}.Debug|Any CPU.ActiveCfg = Debug|Any CPU
		{80C106C3-610B-41EB-97FF-75BD79193801}.Debug|Any CPU.Build.0 = Debug|Any CPU
		{80C106C3-610B-41EB-97FF-75BD79193801}.Release|Any CPU.ActiveCfg = Release|Any CPU
		{80C106C3-610B-41EB-97FF-75BD79193801}.Release|Any CPU.Build.0 = Release|Any CPU
	EndGlobalSection
	GlobalSection(SolutionProperties) = preSolution
		HideSolutionNode = FALSE
	EndGlobalSection
	GlobalSection(ExtensibilityGlobals) = postSolution
		SolutionGuid = {B00C67B9-52E6-4932-BDF3-016D14FB6AE0}
	EndGlobalSection
EndGlobal
